dependencies:
  espressif/esp-dsp:
    component_hash: 42dce32d46ac93dc11f60d368e29a830e9661c7345d794b8a45c343479cae636
    dependencies:
    - name: idf
      require: private
      version: '>=4.2'
    source:
      registry_url: https://components.espressif.com/
      type: service
    version: 1.7.0
  espressif/onewire_bus:
    component_hash: 11729fd9a5de80225177a61e9cd77de91683b8ec300e83710d5327b666dbe884
    dependencies:
    - name: idf
      require: private
      version: '>=5.0'
    source:
      registry_url: https://components.espressif.com/
      type: service
    version: 1.0.4
  idf:
    source:
      type: idf
    version: 5.2.2
direct_dependencies:
- espressif/esp-dsp
- espressif/onewire_bus
manifest_hash: a02e353845cdc7b96d5ed6c21d5b5d1a0b3fb0e3a8856771cb8dd6d25f4689d3
target: esp32s3
version: 2.0.0
